# This file is automatically @generated by Cargo.
# It is not intended for manual editing.
[[package]]
name = "hex"
version = "0.4.0"
source = "registry+https://github.com/rust-lang/crates.io-index"

[[package]]
name = "roxmltree"
version = "0.7.1"
source = "registry+https://github.com/rust-lang/crates.io-index"
dependencies = [
 "xmlparser 0.10.0 (registry+https://github.com/rust-lang/crates.io-index)",
]

[[package]]
name = "strand_match"
version = "0.1.0"
dependencies = [
 "hex 0.4.0 (registry+https://github.com/rust-lang/crates.io-index)",
 "roxmltree 0.7.1 (registry+https://github.com/rust-lang/crates.io-index)",
 "strsim 0.9.2 (registry+https://github.com/rust-lang/crates.io-index)",
]

[[package]]
name = "strsim"
version = "0.9.2"
source = "registry+https://github.com/rust-lang/crates.io-index"

[[package]]
name = "xmlparser"
version = "0.10.0"
source = "registry+https://github.com/rust-lang/crates.io-index"

[metadata]
"checksum hex 0.4.0 (registry+https://github.com/rust-lang/crates.io-index)" = "023b39be39e3a2da62a94feb433e91e8bcd37676fbc8bea371daf52b7a769a3e"
"checksum roxmltree 0.7.1 (registry+https://github.com/rust-lang/crates.io-index)" = "b1a3193e568c6e262f817fd07af085c7f79241a947aedd3779d47eadc170e174"
"checksum strsim 0.9.2 (registry+https://github.com/rust-lang/crates.io-index)" = "032c03039aae92b350aad2e3779c352e104d919cb192ba2fabbd7b831ce4f0f6"
"checksum xmlparser 0.10.0 (registry+https://github.com/rust-lang/crates.io-index)" = "8110496c5bcc0d966b0b2da38d5a791aa139eeb0b80e7840a7463c2b806921eb"
